// !$*UTF8*$!
{
	archiveVersion = 1;
	classes = {
	};
	objectVersion = 46;
	objects = {

/* Begin PBXBuildFile section */
		1D3623260D0F684500981E51 /* ToDoListAppDelegate.m in Sources */ = {isa = PBXBuildFile; fileRef = 1D3623250D0F684500981E51 /* ToDoListAppDelegate.m */; };
		1D60589B0D05DD56006BFB54 /* main.m in Sources */ = {isa = PBXBuildFile; fileRef = 29B97316FDCFA39411CA2CEA /* main.m */; };
		1D60589F0D05DD5A006BFB54 /* Foundation.framework in Frameworks */ = {isa = PBXBuildFile; fileRef = 1D30AB110D05D00D00671497 /* Foundation.framework */; };
		1DF5F4E00D08C38300B7A737 /* UIKit.framework in Frameworks */ = {isa = PBXBuildFile; fileRef = 1DF5F4DF0D08C38300B7A737 /* UIKit.framework */; };
		288765A50DF7441C002DB57D /* CoreGraphics.framework in Frameworks */ = {isa = PBXBuildFile; fileRef = 288765A40DF7441C002DB57D /* CoreGraphics.framework */; };
		28AD733F0D9D9553002E5188 /* MainWindow.xib in Resources */ = {isa = PBXBuildFile; fileRef = 28AD733E0D9D9553002E5188 /* MainWindow.xib */; };
		28D801B40F44B63D00FB423F /* CoreData.framework in Frameworks */ = {isa = PBXBuildFile; fileRef = 28D801B30F44B63D00FB423F /* CoreData.framework */; };
		690CB2E21574421B0055E545 /* ToDoList.xcdatamodeld in Sources */ = {isa = PBXBuildFile; fileRef = 2819305F112F816700ECF9B4 /* ToDoList.xcdatamodeld */; };
		695829941404B0310080399E /* tableviewbg.png in Resources */ = {isa = PBXBuildFile; fileRef = 695829931404B0310080399E /* tableviewbg.png */; };
		6960D30513F7C29000797443 /* ToDoListTableCellView.m in Sources */ = {isa = PBXBuildFile; fileRef = 6960D30313F7C29000797443 /* ToDoListTableCellView.m */; };
		6960D30613F7C29000797443 /* ToDoListTableCellView.xib in Resources */ = {isa = PBXBuildFile; fileRef = 6960D30413F7C29000797443 /* ToDoListTableCellView.xib */; };
		6960D33713F812D900797443 /* CoreDataTableViewController.m in Sources */ = {isa = PBXBuildFile; fileRef = 6960D33613F812D900797443 /* CoreDataTableViewController.m */; };
		69670C0013F1881E00839319 /* Task.m in Sources */ = {isa = PBXBuildFile; fileRef = 69670BFF13F1881E00839319 /* Task.m */; };
		6968C31913F280CB00730EB8 /* ToDoListTableViewController.m in Sources */ = {isa = PBXBuildFile; fileRef = 6968C31813F280CB00730EB8 /* ToDoListTableViewController.m */; };
		6982BDBC13F9766C0021527D /* checkbox-check@2x.png in Resources */ = {isa = PBXBuildFile; fileRef = 6982BDB813F9766C0021527D /* checkbox-check@2x.png */; };
		6982BDBD13F9766C0021527D /* checkbox-check.png in Resources */ = {isa = PBXBuildFile; fileRef = 6982BDB913F9766C0021527D /* checkbox-check.png */; };
		6982BDBE13F9766C0021527D /* checkbox-uncheck.png in Resources */ = {isa = PBXBuildFile; fileRef = 6982BDBA13F9766C0021527D /* checkbox-uncheck.png */; };
		6982BDBF13F9766C0021527D /* checkbox-uncheck@2x.png in Resources */ = {isa = PBXBuildFile; fileRef = 6982BDBB13F9766C0021527D /* checkbox-uncheck@2x.png */; };
		699A2F9C1403F82900F46788 /* todotablecellbg.png in Resources */ = {isa = PBXBuildFile; fileRef = 699A2F9B1403F82900F46788 /* todotablecellbg.png */; };
		69CE1DB813F3FA090023FB61 /* taskmobicon.png in Resources */ = {isa = PBXBuildFile; fileRef = 69CE1DB413F3FA090023FB61 /* taskmobicon.png */; };
		69CE1DB913F3FA090023FB61 /* taskmobicon@2x.png in Resources */ = {isa = PBXBuildFile; fileRef = 69CE1DB513F3FA090023FB61 /* taskmobicon@2x.png */; };
		69CE1DBA13F3FA090023FB61 /* taskmoblaunch.png in Resources */ = {isa = PBXBuildFile; fileRef = 69CE1DB613F3FA090023FB61 /* taskmoblaunch.png */; };
		69CE1DBB13F3FA090023FB61 /* taskmoblaunch@2x.png in Resources */ = {isa = PBXBuildFile; fileRef = 69CE1DB713F3FA090023FB61 /* taskmoblaunch@2x.png */; };
		69CE1E5913F4049A0023FB61 /* AddTaskViewController.m in Sources */ = {isa = PBXBuildFile; fileRef = 69CE1E5713F4049A0023FB61 /* AddTaskViewController.m */; };
		69CE1E5A13F4049A0023FB61 /* AddTaskViewController.xib in Resources */ = {isa = PBXBuildFile; fileRef = 69CE1E5813F4049A0023FB61 /* AddTaskViewController.xib */; };
/* End PBXBuildFile section */

/* Begin PBXFileReference section */
		1D30AB110D05D00D00671497 /* Foundation.framework */ = {isa = PBXFileReference; lastKnownFileType = wrapper.framework; name = Foundation.framework; path = System/Library/Frameworks/Foundation.framework; sourceTree = SDKROOT; };
		1D3623240D0F684500981E51 /* ToDoListAppDelegate.h */ = {isa = PBXFileReference; fileEncoding = 4; lastKnownFileType = sourcecode.c.h; path = ToDoListAppDelegate.h; sourceTree = "<group>"; };
		1D3623250D0F684500981E51 /* ToDoListAppDelegate.m */ = {isa = PBXFileReference; fileEncoding = 4; lastKnownFileType = sourcecode.c.objc; path = ToDoListAppDelegate.m; sourceTree = "<group>"; };
		1D6058910D05DD3D006BFB54 /* TaskMob.app */ = {isa = PBXFileReference; explicitFileType = wrapper.application; includeInIndex = 0; path = TaskMob.app; sourceTree = BUILT_PRODUCTS_DIR; };
		1DF5F4DF0D08C38300B7A737 /* UIKit.framework */ = {isa = PBXFileReference; lastKnownFileType = wrapper.framework; name = UIKit.framework; path = System/Library/Frameworks/UIKit.framework; sourceTree = SDKROOT; };
		288765A40DF7441C002DB57D /* CoreGraphics.framework */ = {isa = PBXFileReference; lastKnownFileType = wrapper.framework; name = CoreGraphics.framework; path = System/Library/Frameworks/CoreGraphics.framework; sourceTree = SDKROOT; };
		28AD733E0D9D9553002E5188 /* MainWindow.xib */ = {isa = PBXFileReference; lastKnownFileType = file.xib; path = MainWindow.xib; sourceTree = "<group>"; };
		28C3AD890F43EF2300507BA6 /* ToDoList.xcdatamodel */ = {isa = PBXFileReference; fileEncoding = 4; lastKnownFileType = wrapper.xcdatamodel; path = ToDoList.xcdatamodel; sourceTree = "<group>"; };
		28D801B30F44B63D00FB423F /* CoreData.framework */ = {isa = PBXFileReference; lastKnownFileType = wrapper.framework; name = CoreData.framework; path = System/Library/Frameworks/CoreData.framework; sourceTree = SDKROOT; };
		29B97316FDCFA39411CA2CEA /* main.m */ = {isa = PBXFileReference; fileEncoding = 4; lastKnownFileType = sourcecode.c.objc; path = main.m; sourceTree = "<group>"; };
		32CA4F630368D1EE00C91783 /* ToDoList_Prefix.pch */ = {isa = PBXFileReference; fileEncoding = 4; lastKnownFileType = sourcecode.c.h; path = ToDoList_Prefix.pch; sourceTree = "<group>"; };
		695829931404B0310080399E /* tableviewbg.png */ = {isa = PBXFileReference; lastKnownFileType = image.png; path = tableviewbg.png; sourceTree = "<group>"; };
		6960D30213F7C29000797443 /* ToDoListTableCellView.h */ = {isa = PBXFileReference; fileEncoding = 4; lastKnownFileType = sourcecode.c.h; path = ToDoListTableCellView.h; sourceTree = "<group>"; };
		6960D30313F7C29000797443 /* ToDoListTableCellView.m */ = {isa = PBXFileReference; fileEncoding = 4; lastKnownFileType = sourcecode.c.objc; path = ToDoListTableCellView.m; sourceTree = "<group>"; };
		6960D30413F7C29000797443 /* ToDoListTableCellView.xib */ = {isa = PBXFileReference; lastKnownFileType = file.xib; path = ToDoListTableCellView.xib; sourceTree = "<group>"; };
		6960D33513F812D900797443 /* CoreDataTableViewController.h */ = {isa = PBXFileReference; fileEncoding = 4; lastKnownFileType = sourcecode.c.h; path = CoreDataTableViewController.h; sourceTree = "<group>"; };
		6960D33613F812D900797443 /* CoreDataTableViewController.m */ = {isa = PBXFileReference; fileEncoding = 4; lastKnownFileType = sourcecode.c.objc; path = CoreDataTableViewController.m; sourceTree = "<group>"; };
		69670BFE13F1881E00839319 /* Task.h */ = {isa = PBXFileReference; fileEncoding = 4; lastKnownFileType = sourcecode.c.h; path = Task.h; sourceTree = "<group>"; };
		69670BFF13F1881E00839319 /* Task.m */ = {isa = PBXFileReference; fileEncoding = 4; lastKnownFileType = sourcecode.c.objc; path = Task.m; sourceTree = "<group>"; };
		6968C31713F280CB00730EB8 /* ToDoListTableViewController.h */ = {isa = PBXFileReference; fileEncoding = 4; lastKnownFileType = sourcecode.c.h; path = ToDoListTableViewController.h; sourceTree = "<group>"; };
		6968C31813F280CB00730EB8 /* ToDoListTableViewController.m */ = {isa = PBXFileReference; fileEncoding = 4; lastKnownFileType = sourcecode.c.objc; path = ToDoListTableViewController.m; sourceTree = "<group>"; };
		6982BDB813F9766C0021527D /* checkbox-check@2x.png */ = {isa = PBXFileReference; lastKnownFileType = image.png; path = "checkbox-check@2x.png"; sourceTree = "<group>"; };
		6982BDB913F9766C0021527D /* checkbox-check.png */ = {isa = PBXFileReference; lastKnownFileType = image.png; path = "checkbox-check.png"; sourceTree = "<group>"; };
		6982BDBA13F9766C0021527D /* checkbox-uncheck.png */ = {isa = PBXFileReference; lastKnownFileType = image.png; path = "checkbox-uncheck.png"; sourceTree = "<group>"; };
		6982BDBB13F9766C0021527D /* checkbox-uncheck@2x.png */ = {isa = PBXFileReference; lastKnownFileType = image.png; path = "checkbox-uncheck@2x.png"; sourceTree = "<group>"; };
		699A2F9B1403F82900F46788 /* todotablecellbg.png */ = {isa = PBXFileReference; lastKnownFileType = image.png; path = todotablecellbg.png; sourceTree = "<group>"; };
		69CE1DB413F3FA090023FB61 /* taskmobicon.png */ = {isa = PBXFileReference; lastKnownFileType = image.png; path = taskmobicon.png; sourceTree = "<group>"; };
		69CE1DB513F3FA090023FB61 /* taskmobicon@2x.png */ = {isa = PBXFileReference; lastKnownFileType = image.png; path = "taskmobicon@2x.png"; sourceTree = "<group>"; };
		69CE1DB613F3FA090023FB61 /* taskmoblaunch.png */ = {isa = PBXFileReference; lastKnownFileType = image.png; path = taskmoblaunch.png; sourceTree = "<group>"; };
		69CE1DB713F3FA090023FB61 /* taskmoblaunch@2x.png */ = {isa = PBXFileReference; lastKnownFileType = image.png; path = "taskmoblaunch@2x.png"; sourceTree = "<group>"; };
		69CE1E5613F4049A0023FB61 /* AddTaskViewController.h */ = {isa = PBXFileReference; fileEncoding = 4; lastKnownFileType = sourcecode.c.h; path = AddTaskViewController.h; sourceTree = "<group>"; };
		69CE1E5713F4049A0023FB61 /* AddTaskViewController.m */ = {isa = PBXFileReference; fileEncoding = 4; lastKnownFileType = sourcecode.c.objc; path = AddTaskViewController.m; sourceTree = "<group>"; };
		69CE1E5813F4049A0023FB61 /* AddTaskViewController.xib */ = {isa = PBXFileReference; lastKnownFileType = file.xib; path = AddTaskViewController.xib; sourceTree = "<group>"; };
		8D1107310486CEB800E47090 /* ToDoList-Info.plist */ = {isa = PBXFileReference; fileEncoding = 4; lastKnownFileType = text.plist.xml; path = "ToDoList-Info.plist"; plistStructureDefinitionIdentifier = "com.apple.xcode.plist.structure-definition.iphone.info-plist"; sourceTree = "<group>"; };
/* End PBXFileReference section */

/* Begin PBXFrameworksBuildPhase section */
		1D60588F0D05DD3D006BFB54 /* Frameworks */ = {
			isa = PBXFrameworksBuildPhase;
			buildActionMask = 2147483647;
			files = (
				1D60589F0D05DD5A006BFB54 /* Foundation.framework in Frameworks */,
				1DF5F4E00D08C38300B7A737 /* UIKit.framework in Frameworks */,
				288765A50DF7441C002DB57D /* CoreGraphics.framework in Frameworks */,
				28D801B40F44B63D00FB423F /* CoreData.framework in Frameworks */,
			);
			runOnlyForDeploymentPostprocessing = 0;
		};
/* End PBXFrameworksBuildPhase section */

/* Begin PBXGroup section */
		080E96DDFE201D6D7F000001 /* Classes */ = {
			isa = PBXGroup;
			children = (
				69670BFE13F1881E00839319 /* Task.h */,
				69670BFF13F1881E00839319 /* Task.m */,
				6960D30213F7C29000797443 /* ToDoListTableCellView.h */,
				6960D30313F7C29000797443 /* ToDoListTableCellView.m */,
				6968C31713F280CB00730EB8 /* ToDoListTableViewController.h */,
				6968C31813F280CB00730EB8 /* ToDoListTableViewController.m */,
				69CE1E5613F4049A0023FB61 /* AddTaskViewController.h */,
				69CE1E5713F4049A0023FB61 /* AddTaskViewController.m */,
				1D3623240D0F684500981E51 /* ToDoListAppDelegate.h */,
				1D3623250D0F684500981E51 /* ToDoListAppDelegate.m */,
			);
			path = Classes;
			sourceTree = "<group>";
		};
		19C28FACFE9D520D11CA2CBB /* Products */ = {
			isa = PBXGroup;
			children = (
				1D6058910D05DD3D006BFB54 /* TaskMob.app */,
			);
			name = Products;
			sourceTree = "<group>";
		};
		29B97314FDCFA39411CA2CEA /* CustomTemplate */ = {
			isa = PBXGroup;
			children = (
				080E96DDFE201D6D7F000001 /* Classes */,
				29B97315FDCFA39411CA2CEA /* Other Sources */,
				29B97317FDCFA39411CA2CEA /* Resources */,
				29B97323FDCFA39411CA2CEA /* Frameworks */,
				19C28FACFE9D520D11CA2CBB /* Products */,
			);
			name = CustomTemplate;
			sourceTree = "<group>";
		};
		29B97315FDCFA39411CA2CEA /* Other Sources */ = {
			isa = PBXGroup;
			children = (
				690CB2D715743FFF0055E545 /* Images */,
				6960D33513F812D900797443 /* CoreDataTableViewController.h */,
				6960D33613F812D900797443 /* CoreDataTableViewController.m */,
				32CA4F630368D1EE00C91783 /* ToDoList_Prefix.pch */,
				29B97316FDCFA39411CA2CEA /* main.m */,
			);
			name = "Other Sources";
			path = Resources;
			sourceTree = "<group>";
		};
		29B97317FDCFA39411CA2CEA /* Resources */ = {
			isa = PBXGroup;
			children = (
				2819305F112F816700ECF9B4 /* ToDoList.xcdatamodeld */,
				6960D30413F7C29000797443 /* ToDoListTableCellView.xib */,
				69CE1E5813F4049A0023FB61 /* AddTaskViewController.xib */,
				28AD733E0D9D9553002E5188 /* MainWindow.xib */,
				8D1107310486CEB800E47090 /* ToDoList-Info.plist */,
			);
			path = Resources;
			sourceTree = "<group>";
		};
		29B97323FDCFA39411CA2CEA /* Frameworks */ = {
			isa = PBXGroup;
			children = (
				1DF5F4DF0D08C38300B7A737 /* UIKit.framework */,
				1D30AB110D05D00D00671497 /* Foundation.framework */,
				288765A40DF7441C002DB57D /* CoreGraphics.framework */,
				28D801B30F44B63D00FB423F /* CoreData.framework */,
			);
			name = Frameworks;
			sourceTree = "<group>";
		};
		690CB2D715743FFF0055E545 /* Images */ = {
			isa = PBXGroup;
			children = (
				695829931404B0310080399E /* tableviewbg.png */,
				699A2F9B1403F82900F46788 /* todotablecellbg.png */,
				6982BDB813F9766C0021527D /* checkbox-check@2x.png */,
				6982BDB913F9766C0021527D /* checkbox-check.png */,
				6982BDBA13F9766C0021527D /* checkbox-uncheck.png */,
				6982BDBB13F9766C0021527D /* checkbox-uncheck@2x.png */,
				69CE1DB413F3FA090023FB61 /* taskmobicon.png */,
				69CE1DB513F3FA090023FB61 /* taskmobicon@2x.png */,
				69CE1DB613F3FA090023FB61 /* taskmoblaunch.png */,
				69CE1DB713F3FA090023FB61 /* taskmoblaunch@2x.png */,
			);
			path = Images;
			sourceTree = "<group>";
		};
/* End PBXGroup section */

/* Begin PBXNativeTarget section */
		1D6058900D05DD3D006BFB54 /* ToDoList */ = {
			isa = PBXNativeTarget;
			buildConfigurationList = 1D6058960D05DD3E006BFB54 /* Build configuration list for PBXNativeTarget "ToDoList" */;
			buildPhases = (
				1D60588D0D05DD3D006BFB54 /* Resources */,
				1D60588E0D05DD3D006BFB54 /* Sources */,
				1D60588F0D05DD3D006BFB54 /* Frameworks */,
			);
			buildRules = (
			);
			dependencies = (
			);
			name = ToDoList;
			productName = ToDoList;
			productReference = 1D6058910D05DD3D006BFB54 /* TaskMob.app */;
			productType = "com.apple.product-type.application";
		};
/* End PBXNativeTarget section */

/* Begin PBXProject section */
		29B97313FDCFA39411CA2CEA /* Project object */ = {
			isa = PBXProject;
			buildConfigurationList = C01FCF4E08A954540054247B /* Build configuration list for PBXProject "ToDoList" */;
			compatibilityVersion = "Xcode 3.2";
			developmentRegion = English;
			hasScannedForEncodings = 1;
			knownRegions = (
				English,
				Japanese,
				French,
				German,
			);
			mainGroup = 29B97314FDCFA39411CA2CEA /* CustomTemplate */;
			projectDirPath = "";
			projectRoot = "";
			targets = (
				1D6058900D05DD3D006BFB54 /* ToDoList */,
			);
		};
/* End PBXProject section */

/* Begin PBXResourcesBuildPhase section */
		1D60588D0D05DD3D006BFB54 /* Resources */ = {
			isa = PBXResourcesBuildPhase;
			buildActionMask = 2147483647;
			files = (
				28AD733F0D9D9553002E5188 /* MainWindow.xib in Resources */,
				69CE1DB813F3FA090023FB61 /* taskmobicon.png in Resources */,
				69CE1DB913F3FA090023FB61 /* taskmobicon@2x.png in Resources */,
				69CE1DBA13F3FA090023FB61 /* taskmoblaunch.png in Resources */,
				69CE1DBB13F3FA090023FB61 /* taskmoblaunch@2x.png in Resources */,
				69CE1E5A13F4049A0023FB61 /* AddTaskViewController.xib in Resources */,
				6960D30613F7C29000797443 /* ToDoListTableCellView.xib in Resources */,
				6982BDBC13F9766C0021527D /* checkbox-check@2x.png in Resources */,
				6982BDBD13F9766C0021527D /* checkbox-check.png in Resources */,
				6982BDBE13F9766C0021527D /* checkbox-uncheck.png in Resources */,
				6982BDBF13F9766C0021527D /* checkbox-uncheck@2x.png in Resources */,
				699A2F9C1403F82900F46788 /* todotablecellbg.png in Resources */,
				695829941404B0310080399E /* tableviewbg.png in Resources */,
			);
			runOnlyForDeploymentPostprocessing = 0;
		};
/* End PBXResourcesBuildPhase section */

/* Begin PBXSourcesBuildPhase section */
		1D60588E0D05DD3D006BFB54 /* Sources */ = {
			isa = PBXSourcesBuildPhase;
			buildActionMask = 2147483647;
			files = (
				1D60589B0D05DD56006BFB54 /* main.m in Sources */,
				1D3623260D0F684500981E51 /* ToDoListAppDelegate.m in Sources */,
				690CB2E21574421B0055E545 /* ToDoList.xcdatamodeld in Sources */,
				69670C0013F1881E00839319 /* Task.m in Sources */,
				6968C31913F280CB00730EB8 /* ToDoListTableViewController.m in Sources */,
				69CE1E5913F4049A0023FB61 /* AddTaskViewController.m in Sources */,
				6960D30513F7C29000797443 /* ToDoListTableCellView.m in Sources */,
				6960D33713F812D900797443 /* CoreDataTableViewController.m in Sources */,
			);
			runOnlyForDeploymentPostprocessing = 0;
		};
/* End PBXSourcesBuildPhase section */

/* Begin XCBuildConfiguration section */
		1D6058940D05DD3E006BFB54 /* Debug */ = {
			isa = XCBuildConfiguration;
			buildSettings = {
				ALWAYS_SEARCH_USER_PATHS = NO;
				COPY_PHASE_STRIP = NO;
				GCC_DYNAMIC_NO_PIC = NO;
				GCC_OPTIMIZATION_LEVEL = 0;
				GCC_PRECOMPILE_PREFIX_HEADER = YES;
				GCC_PREFIX_HEADER = ToDoList_Prefix.pch;
				INFOPLIST_FILE = "ToDoList-Info.plist";
				IPHONEOS_DEPLOYMENT_TARGET = 4.2;
				PRODUCT_NAME = TaskMob;
			};
			name = Debug;
		};
		1D6058950D05DD3E006BFB54 /* Release */ = {
			isa = XCBuildConfiguration;
			buildSettings = {
				ALWAYS_SEARCH_USER_PATHS = NO;
				COPY_PHASE_STRIP = YES;
				GCC_PRECOMPILE_PREFIX_HEADER = YES;
				GCC_PREFIX_HEADER = ToDoList_Prefix.pch;
				INFOPLIST_FILE = "ToDoList-Info.plist";
				IPHONEOS_DEPLOYMENT_TARGET = 4.2;
				PRODUCT_NAME = TaskMob;
				VALIDATE_PRODUCT = YES;
			};
			name = Release;
		};
		69A3E3561407A17F0043DCA0 /* Distribution */ = {
			isa = XCBuildConfiguration;
			buildSettings = {
				ARCHS = "$(ARCHS_STANDARD_32_BIT)";
				CODE_SIGN_IDENTITY = "iPhone Distribution: Stanley Tang";
				"CODE_SIGN_IDENTITY[sdk=iphoneos*]" = "iPhone Distribution: Stanley Tang";
				GCC_C_LANGUAGE_STANDARD = c99;
				GCC_WARN_ABOUT_RETURN_TYPE = YES;
				GCC_WARN_UNUSED_VARIABLE = YES;
				OTHER_CFLAGS = "-DNS_BLOCK_ASSERTIONS=1";
				PREBINDING = NO;
				PROVISIONING_PROFILE = "4780F6D5-6377-405B-ADC5-73C03A955AA5";
				"PROVISIONING_PROFILE[sdk=iphoneos*]" = "4780F6D5-6377-405B-ADC5-73C03A955AA5";
				SDKROOT = iphoneos;
			};
			name = Distribution;
		};
		69A3E3571407A17F0043DCA0 /* Distribution */ = {
			isa = XCBuildConfiguration;
			buildSettings = {
				ALWAYS_SEARCH_USER_PATHS = NO;
				CODE_SIGN_IDENTITY = "iPhone Distribution: Stanley Tang";
				COPY_PHASE_STRIP = YES;
				GCC_PRECOMPILE_PREFIX_HEADER = YES;
				GCC_PREFIX_HEADER = ToDoList_Prefix.pch;
				INFOPLIST_FILE = "ToDoList-Info.plist";
				IPHONEOS_DEPLOYMENT_TARGET = 4.2;
				PRODUCT_NAME = TaskMob;
				PROVISIONING_PROFILE = "4780F6D5-6377-405B-ADC5-73C03A955AA5";
				VALIDATE_PRODUCT = YES;
			};
			name = Distribution;
		};
		C01FCF4F08A954540054247B /* Debug */ = {
			isa = XCBuildConfiguration;
			buildSettings = {
				ARCHS = "$(ARCHS_STANDARD_32_BIT)";
				"CODE_SIGN_IDENTITY[sdk=iphoneos*]" = "iPhone Developer";
				GCC_C_LANGUAGE_STANDARD = c99;
				GCC_WARN_ABOUT_RETURN_TYPE = YES;
				GCC_WARN_UNUSED_VARIABLE = YES;
				PREBINDING = NO;
				SDKROOT = iphoneos;
			};
			name = Debug;
		};
		C01FCF5008A954540054247B /* Release */ = {
			isa = XCBuildConfiguration;
			buildSettings = {
				ARCHS = "$(ARCHS_STANDARD_32_BIT)";
				"CODE_SIGN_IDENTITY[sdk=iphoneos*]" = "iPhone Developer";
				GCC_C_LANGUAGE_STANDARD = c99;
				GCC_WARN_ABOUT_RETURN_TYPE = YES;
				GCC_WARN_UNUSED_VARIABLE = YES;
				OTHER_CFLAGS = "-DNS_BLOCK_ASSERTIONS=1";
				PREBINDING = NO;
				"PROVISIONING_PROFILE[sdk=iphoneos*]" = "";
				SDKROOT = iphoneos;
			};
			name = Release;
		};
/* End XCBuildConfiguration section */

/* Begin XCConfigurationList section */
		1D6058960D05DD3E006BFB54 /* Build configuration list for PBXNativeTarget "ToDoList" */ = {
			isa = XCConfigurationList;
			buildConfigurations = (
				1D6058940D05DD3E006BFB54 /* Debug */,
				1D6058950D05DD3E006BFB54 /* Release */,
				69A3E3571407A17F0043DCA0 /* Distribution */,
			);
			defaultConfigurationIsVisible = 0;
			defaultConfigurationName = Release;
		};
		C01FCF4E08A954540054247B /* Build configuration list for PBXProject "ToDoList" */ = {
			isa = XCConfigurationList;
			buildConfigurations = (
				C01FCF4F08A954540054247B /* Debug */,
				C01FCF5008A954540054247B /* Release */,
				69A3E3561407A17F0043DCA0 /* Distribution */,
			);
			defaultConfigurationIsVisible = 0;
			defaultConfigurationName = Release;
		};
/* End XCConfigurationList section */

/* Begin XCVersionGroup section */
		2819305F112F816700ECF9B4 /* ToDoList.xcdatamodeld */ = {
			isa = XCVersionGroup;
			children = (
				28C3AD890F43EF2300507BA6 /* ToDoList.xcdatamodel */,
			);
			currentVersion = 28C3AD890F43EF2300507BA6 /* ToDoList.xcdatamodel */;
			path = ToDoList.xcdatamodeld;
			sourceTree = "<group>";
			versionGroupType = wrapper.xcdatamodel;
		};
/* End XCVersionGroup section */
	};
	rootObject = 29B97313FDCFA39411CA2CEA /* Project object */;
}
